// !$*UTF8*$!
{
	archiveVersion = 1;
	classes = {
	};
	objectVersion = 55;
	objects = {

/* Begin PBXBuildFile section */
		CE0CDB2C291EFDAD0046069E /* Miro_TastyRoadApp.swift in Sources */ = {isa = PBXBuildFile; fileRef = CE0CDB2B291EFDAD0046069E /* Miro_TastyRoadApp.swift */; };
		CE0CDB2E291EFDAD0046069E /* ContentView.swift in Sources */ = {isa = PBXBuildFile; fileRef = CE0CDB2D291EFDAD0046069E /* ContentView.swift */; };
		CE0CDB33291EFDAE0046069E /* Preview Assets.xcassets in Resources */ = {isa = PBXBuildFile; fileRef = CE0CDB32291EFDAE0046069E /* Preview Assets.xcassets */; };
		CE0CDB3A2920D8780046069E /* MapView.swift in Sources */ = {isa = PBXBuildFile; fileRef = CE0CDB392920D8780046069E /* MapView.swift */; };
		CE0CDB3C2920D9FF0046069E /* SavedListView.swift in Sources */ = {isa = PBXBuildFile; fileRef = CE0CDB3B2920D9FF0046069E /* SavedListView.swift */; };
		CE0CDB3E2920E73B0046069E /* ProfileView.swift in Sources */ = {isa = PBXBuildFile; fileRef = CE0CDB3D2920E73B0046069E /* ProfileView.swift */; };
		CE0CDB402920E8C80046069E /* Place.swift in Sources */ = {isa = PBXBuildFile; fileRef = CE0CDB3F2920E8C80046069E /* Place.swift */; };
		CE0CDB44292100490046069E /* Assets.xcassets in Resources */ = {isa = PBXBuildFile; fileRef = CE0CDB43292100490046069E /* Assets.xcassets */; };
		CE0CDB46292281E70046069E /* LocationFetcher.swift in Sources */ = {isa = PBXBuildFile; fileRef = CE0CDB45292281E70046069E /* LocationFetcher.swift */; };
		CE0CDB4929253C560046069E /* SavePlace.swift in Sources */ = {isa = PBXBuildFile; fileRef = CE0CDB4829253C560046069E /* SavePlace.swift */; };
		CE0CDB4D2928EE060046069E /* NaverFetcher.swift in Sources */ = {isa = PBXBuildFile; fileRef = CE0CDB4C2928EE060046069E /* NaverFetcher.swift */; };
		CE6F79F4294769FA008748F8 /* NaverResult.swift in Sources */ = {isa = PBXBuildFile; fileRef = CE6F79F3294769FA008748F8 /* NaverResult.swift */; };
		CE6F79FA2949E70F008748F8 /* CustomSearchView.swift in Sources */ = {isa = PBXBuildFile; fileRef = CE6F79F92949E70F008748F8 /* CustomSearchView.swift */; };
/* End PBXBuildFile section */

/* Begin PBXFileReference section */
		CE0CDB28291EFDAD0046069E /* Miro_TastyRoad.app */ = {isa = PBXFileReference; explicitFileType = wrapper.application; includeInIndex = 0; path = Miro_TastyRoad.app; sourceTree = BUILT_PRODUCTS_DIR; };
		CE0CDB2B291EFDAD0046069E /* Miro_TastyRoadApp.swift */ = {isa = PBXFileReference; lastKnownFileType = sourcecode.swift; path = Miro_TastyRoadApp.swift; sourceTree = "<group>"; };
		CE0CDB2D291EFDAD0046069E /* ContentView.swift */ = {isa = PBXFileReference; lastKnownFileType = sourcecode.swift; path = ContentView.swift; sourceTree = "<group>"; };
		CE0CDB32291EFDAE0046069E /* Preview Assets.xcassets */ = {isa = PBXFileReference; lastKnownFileType = folder.assetcatalog; path = "Preview Assets.xcassets"; sourceTree = "<group>"; };
		CE0CDB392920D8780046069E /* MapView.swift */ = {isa = PBXFileReference; lastKnownFileType = sourcecode.swift; path = MapView.swift; sourceTree = "<group>"; };
		CE0CDB3B2920D9FF0046069E /* SavedListView.swift */ = {isa = PBXFileReference; lastKnownFileType = sourcecode.swift; path = SavedListView.swift; sourceTree = "<group>"; };
		CE0CDB3D2920E73B0046069E /* ProfileView.swift */ = {isa = PBXFileReference; lastKnownFileType = sourcecode.swift; path = ProfileView.swift; sourceTree = "<group>"; };
		CE0CDB3F2920E8C80046069E /* Place.swift */ = {isa = PBXFileReference; lastKnownFileType = sourcecode.swift; path = Place.swift; sourceTree = "<group>"; };
		CE0CDB43292100490046069E /* Assets.xcassets */ = {isa = PBXFileReference; lastKnownFileType = folder.assetcatalog; name = Assets.xcassets; path = "Preview Content/Assets.xcassets"; sourceTree = "<group>"; };
		CE0CDB45292281E70046069E /* LocationFetcher.swift */ = {isa = PBXFileReference; lastKnownFileType = sourcecode.swift; path = LocationFetcher.swift; sourceTree = "<group>"; };
		CE0CDB472922846A0046069E /* Miro-TastyRoad-Info.plist */ = {isa = PBXFileReference; lastKnownFileType = text.plist; path = "Miro-TastyRoad-Info.plist"; sourceTree = SOURCE_ROOT; };
		CE0CDB4829253C560046069E /* SavePlace.swift */ = {isa = PBXFileReference; lastKnownFileType = sourcecode.swift; path = SavePlace.swift; sourceTree = "<group>"; };
		CE0CDB4C2928EE060046069E /* NaverFetcher.swift */ = {isa = PBXFileReference; lastKnownFileType = sourcecode.swift; path = NaverFetcher.swift; sourceTree = "<group>"; };
		CE6F79F3294769FA008748F8 /* NaverResult.swift */ = {isa = PBXFileReference; lastKnownFileType = sourcecode.swift; path = NaverResult.swift; sourceTree = "<group>"; };
		CE6F79F92949E70F008748F8 /* CustomSearchView.swift */ = {isa = PBXFileReference; lastKnownFileType = sourcecode.swift; path = CustomSearchView.swift; sourceTree = "<group>"; };
/* End PBXFileReference section */

/* Begin PBXFrameworksBuildPhase section */
		CE0CDB25291EFDAD0046069E /* Frameworks */ = {
			isa = PBXFrameworksBuildPhase;
			buildActionMask = 2147483647;
			files = (
			);
			runOnlyForDeploymentPostprocessing = 0;
		};
/* End PBXFrameworksBuildPhase section */

/* Begin PBXGroup section */
		CE0CDB1F291EFDAD0046069E = {
			isa = PBXGroup;
			children = (
				CE6F79F3294769FA008748F8 /* NaverResult.swift */,
				CE0CDB2A291EFDAD0046069E /* Miro_TastyRoad */,
				CE0CDB29291EFDAD0046069E /* Products */,
			);
			sourceTree = "<group>";
		};
		CE0CDB29291EFDAD0046069E /* Products */ = {
			isa = PBXGroup;
			children = (
				CE0CDB28291EFDAD0046069E /* Miro_TastyRoad.app */,
			);
			name = Products;
			sourceTree = "<group>";
		};
		CE0CDB2A291EFDAD0046069E /* Miro_TastyRoad */ = {
			isa = PBXGroup;
			children = (
				CE0CDB472922846A0046069E /* Miro-TastyRoad-Info.plist */,
				CE0CDB2B291EFDAD0046069E /* Miro_TastyRoadApp.swift */,
				CE0CDB2D291EFDAD0046069E /* ContentView.swift */,
				CE0CDB3F2920E8C80046069E /* Place.swift */,
				CE0CDB3B2920D9FF0046069E /* SavedListView.swift */,
				CE0CDB392920D8780046069E /* MapView.swift */,
				CE6F79F92949E70F008748F8 /* CustomSearchView.swift */,
				CE0CDB4C2928EE060046069E /* NaverFetcher.swift */,
				CE0CDB4829253C560046069E /* SavePlace.swift */,
				CE0CDB45292281E70046069E /* LocationFetcher.swift */,
				CE0CDB3D2920E73B0046069E /* ProfileView.swift */,
				CE0CDB43292100490046069E /* Assets.xcassets */,
				CE0CDB31291EFDAE0046069E /* Preview Content */,
			);
			path = Miro_TastyRoad;
			sourceTree = "<group>";
		};
		CE0CDB31291EFDAE0046069E /* Preview Content */ = {
			isa = PBXGroup;
			children = (
				CE0CDB32291EFDAE0046069E /* Preview Assets.xcassets */,
			);
			path = "Preview Content";
			sourceTree = "<group>";
		};
/* End PBXGroup section */

/* Begin PBXNativeTarget section */
		CE0CDB27291EFDAD0046069E /* Miro_TastyRoad */ = {
			isa = PBXNativeTarget;
			buildConfigurationList = CE0CDB36291EFDAE0046069E /* Build configuration list for PBXNativeTarget "Miro_TastyRoad" */;
			buildPhases = (
				CE0CDB24291EFDAD0046069E /* Sources */,
				CE0CDB25291EFDAD0046069E /* Frameworks */,
				CE0CDB26291EFDAD0046069E /* Resources */,
			);
			buildRules = (
			);
			dependencies = (
			);
			name = Miro_TastyRoad;
			productName = Miro_TastyRoad;
			productReference = CE0CDB28291EFDAD0046069E /* Miro_TastyRoad.app */;
			productType = "com.apple.product-type.application";
		};
/* End PBXNativeTarget section */

/* Begin PBXProject section */
		CE0CDB20291EFDAD0046069E /* Project object */ = {
			isa = PBXProject;
			attributes = {
				BuildIndependentTargetsInParallel = 1;
				LastSwiftUpdateCheck = 1340;
				LastUpgradeCheck = 1340;
				TargetAttributes = {
					CE0CDB27291EFDAD0046069E = {
						CreatedOnToolsVersion = 13.4;
					};
				};
			};
			buildConfigurationList = CE0CDB23291EFDAD0046069E /* Build configuration list for PBXProject "Miro_TastyRoad" */;
			compatibilityVersion = "Xcode 13.0";
			developmentRegion = en;
			hasScannedForEncodings = 0;
			knownRegions = (
				en,
				Base,
			);
			mainGroup = CE0CDB1F291EFDAD0046069E;
			productRefGroup = CE0CDB29291EFDAD0046069E /* Products */;
			projectDirPath = "";
			projectRoot = "";
			targets = (
				CE0CDB27291EFDAD0046069E /* Miro_TastyRoad */,
			);
		};
/* End PBXProject section */

/* Begin PBXResourcesBuildPhase section */
		CE0CDB26291EFDAD0046069E /* Resources */ = {
			isa = PBXResourcesBuildPhase;
			buildActionMask = 2147483647;
			files = (
				CE0CDB44292100490046069E /* Assets.xcassets in Resources */,
				CE0CDB33291EFDAE0046069E /* Preview Assets.xcassets in Resources */,
			);
			runOnlyForDeploymentPostprocessing = 0;
		};
/* End PBXResourcesBuildPhase section */

/* Begin PBXSourcesBuildPhase section */
		CE0CDB24291EFDAD0046069E /* Sources */ = {
			isa = PBXSourcesBuildPhase;
			buildActionMask = 2147483647;
			files = (
				CE0CDB3C2920D9FF0046069E /* SavedListView.swift in Sources */,
				CE0CDB2E291EFDAD0046069E /* ContentView.swift in Sources */,
				CE6F79FA2949E70F008748F8 /* CustomSearchView.swift in Sources */,
				CE0CDB3E2920E73B0046069E /* ProfileView.swift in Sources */,
				CE0CDB46292281E70046069E /* LocationFetcher.swift in Sources */,
				CE0CDB402920E8C80046069E /* Place.swift in Sources */,
				CE0CDB4D2928EE060046069E /* NaverFetcher.swift in Sources */,
				CE0CDB3A2920D8780046069E /* MapView.swift in Sources */,
				CE6F79F4294769FA008748F8 /* NaverResult.swift in Sources */,
				CE0CDB4929253C560046069E /* SavePlace.swift in Sources */,
				CE0CDB2C291EFDAD0046069E /* Miro_TastyRoadApp.swift in Sources */,
			);
			runOnlyForDeploymentPostprocessing = 0;
		};
/* End PBXSourcesBuildPhase section */

/* Begin XCBuildConfiguration section */
		CE0CDB34291EFDAE0046069E /* Debug */ = {
			isa = XCBuildConfiguration;
			buildSettings = {
				ALWAYS_SEARCH_USER_PATHS = NO;
				CLANG_ANALYZER_NONNULL = YES;
				CLANG_ANALYZER_NUMBER_OBJECT_CONVERSION = YES_AGGRESSIVE;
				CLANG_CXX_LANGUAGE_STANDARD = "gnu++17";
				CLANG_ENABLE_MODULES = YES;
				CLANG_ENABLE_OBJC_ARC = YES;
				CLANG_ENABLE_OBJC_WEAK = YES;
				CLANG_WARN_BLOCK_CAPTURE_AUTORELEASING = YES;
				CLANG_WARN_BOOL_CONVERSION = YES;
				CLANG_WARN_COMMA = YES;
				CLANG_WARN_CONSTANT_CONVERSION = YES;
				CLANG_WARN_DEPRECATED_OBJC_IMPLEMENTATIONS = YES;
				CLANG_WARN_DIRECT_OBJC_ISA_USAGE = YES_ERROR;
				CLANG_WARN_DOCUMENTATION_COMMENTS = YES;
				CLANG_WARN_EMPTY_BODY = YES;
				CLANG_WARN_ENUM_CONVERSION = YES;
				CLANG_WARN_INFINITE_RECURSION = YES;
				CLANG_WARN_INT_CONVERSION = YES;
				CLANG_WARN_NON_LITERAL_NULL_CONVERSION = YES;
				CLANG_WARN_OBJC_IMPLICIT_RETAIN_SELF = YES;
				CLANG_WARN_OBJC_LITERAL_CONVERSION = YES;
				CLANG_WARN_OBJC_ROOT_CLASS = YES_ERROR;
				CLANG_WARN_QUOTED_INCLUDE_IN_FRAMEWORK_HEADER = YES;
				CLANG_WARN_RANGE_LOOP_ANALYSIS = YES;
				CLANG_WARN_STRICT_PROTOTYPES = YES;
				CLANG_WARN_SUSPICIOUS_MOVE = YES;
				CLANG_WARN_UNGUARDED_AVAILABILITY = YES_AGGRESSIVE;
				CLANG_WARN_UNREACHABLE_CODE = YES;
				CLANG_WARN__DUPLICATE_METHOD_MATCH = YES;
				COPY_PHASE_STRIP = NO;
				DEBUG_INFORMATION_FORMAT = dwarf;
				ENABLE_STRICT_OBJC_MSGSEND = YES;
				ENABLE_TESTABILITY = YES;
				GCC_C_LANGUAGE_STANDARD = gnu11;
				GCC_DYNAMIC_NO_PIC = NO;
				GCC_NO_COMMON_BLOCKS = YES;
				GCC_OPTIMIZATION_LEVEL = 0;
				GCC_PREPROCESSOR_DEFINITIONS = (
					"DEBUG=1",
					"$(inherited)",
				);
				GCC_WARN_64_TO_32_BIT_CONVERSION = YES;
				GCC_WARN_ABOUT_RETURN_TYPE = YES_ERROR;
				GCC_WARN_UNDECLARED_SELECTOR = YES;
				GCC_WARN_UNINITIALIZED_AUTOS = YES_AGGRESSIVE;
				GCC_WARN_UNUSED_FUNCTION = YES;
				GCC_WARN_UNUSED_VARIABLE = YES;
				IPHONEOS_DEPLOYMENT_TARGET = 15.5;
				MTL_ENABLE_DEBUG_INFO = INCLUDE_SOURCE;
				MTL_FAST_MATH = YES;
				ONLY_ACTIVE_ARCH = YES;
				SDKROOT = iphoneos;
				SWIFT_ACTIVE_COMPILATION_CONDITIONS = DEBUG;
				SWIFT_OPTIMIZATION_LEVEL = "-Onone";
			};
			name = Debug;
		};
		CE0CDB35291EFDAE0046069E /* Release */ = {
			isa = XCBuildConfiguration;
			buildSettings = {
				ALWAYS_SEARCH_USER_PATHS = NO;
				CLANG_ANALYZER_NONNULL = YES;
				CLANG_ANALYZER_NUMBER_OBJECT_CONVERSION = YES_AGGRESSIVE;
				CLANG_CXX_LANGUAGE_STANDARD = "gnu++17";
				CLANG_ENABLE_MODULES = YES;
				CLANG_ENABLE_OBJC_ARC = YES;
				CLANG_ENABLE_OBJC_WEAK = YES;
				CLANG_WARN_BLOCK_CAPTURE_AUTORELEASING = YES;
				CLANG_WARN_BOOL_CONVERSION = YES;
				CLANG_WARN_COMMA = YES;
				CLANG_WARN_CONSTANT_CONVERSION = YES;
				CLANG_WARN_DEPRECATED_OBJC_IMPLEMENTATIONS = YES;
				CLANG_WARN_DIRECT_OBJC_ISA_USAGE = YES_ERROR;
				CLANG_WARN_DOCUMENTATION_COMMENTS = YES;
				CLANG_WARN_EMPTY_BODY = YES;
				CLANG_WARN_ENUM_CONVERSION = YES;
				CLANG_WARN_INFINITE_RECURSION = YES;
				CLANG_WARN_INT_CONVERSION = YES;
				CLANG_WARN_NON_LITERAL_NULL_CONVERSION = YES;
				CLANG_WARN_OBJC_IMPLICIT_RETAIN_SELF = YES;
				CLANG_WARN_OBJC_LITERAL_CONVERSION = YES;
				CLANG_WARN_OBJC_ROOT_CLASS = YES_ERROR;
				CLANG_WARN_QUOTED_INCLUDE_IN_FRAMEWORK_HEADER = YES;
				CLANG_WARN_RANGE_LOOP_ANALYSIS = YES;
				CLANG_WARN_STRICT_PROTOTYPES = YES;
				CLANG_WARN_SUSPICIOUS_MOVE = YES;
				CLANG_WARN_UNGUARDED_AVAILABILITY = YES_AGGRESSIVE;
				CLANG_WARN_UNREACHABLE_CODE = YES;
				CLANG_WARN__DUPLICATE_METHOD_MATCH = YES;
				COPY_PHASE_STRIP = NO;
				DEBUG_INFORMATION_FORMAT = "dwarf-with-dsym";
				ENABLE_NS_ASSERTIONS = NO;
				ENABLE_STRICT_OBJC_MSGSEND = YES;
				GCC_C_LANGUAGE_STANDARD = gnu11;
				GCC_NO_COMMON_BLOCKS = YES;
				GCC_WARN_64_TO_32_BIT_CONVERSION = YES;
				GCC_WARN_ABOUT_RETURN_TYPE = YES_ERROR;
				GCC_WARN_UNDECLARED_SELECTOR = YES;
				GCC_WARN_UNINITIALIZED_AUTOS = YES_AGGRESSIVE;
				GCC_WARN_UNUSED_FUNCTION = YES;
				GCC_WARN_UNUSED_VARIABLE = YES;
				IPHONEOS_DEPLOYMENT_TARGET = 15.5;
				MTL_ENABLE_DEBUG_INFO = NO;
				MTL_FAST_MATH = YES;
				SDKROOT = iphoneos;
				SWIFT_COMPILATION_MODE = wholemodule;
				SWIFT_OPTIMIZATION_LEVEL = "-O";
				VALIDATE_PRODUCT = YES;
			};
			name = Release;
		};
		CE0CDB37291EFDAE0046069E /* Debug */ = {
			isa = XCBuildConfiguration;
			buildSettings = {
				ASSETCATALOG_COMPILER_APPICON_NAME = AppIcon;
				ASSETCATALOG_COMPILER_GLOBAL_ACCENT_COLOR_NAME = AccentColor;
				CODE_SIGN_STYLE = Automatic;
				CURRENT_PROJECT_VERSION = 1;
				DEVELOPMENT_ASSET_PATHS = "\"Miro_TastyRoad/Preview Content\"";
				DEVELOPMENT_TEAM = CZH2CMCGCZ;
				ENABLE_PREVIEWS = YES;
				GENERATE_INFOPLIST_FILE = YES;
				INFOPLIST_FILE = "Miro-TastyRoad-Info.plist";
				INFOPLIST_KEY_NSLocationWhenInUseUsageDescription = "Need to know where you are";
				INFOPLIST_KEY_UIApplicationSceneManifest_Generation = YES;
				INFOPLIST_KEY_UIApplicationSupportsIndirectInputEvents = YES;
				INFOPLIST_KEY_UILaunchScreen_Generation = YES;
				INFOPLIST_KEY_UISupportedInterfaceOrientations_iPad = "UIInterfaceOrientationPortrait UIInterfaceOrientationPortraitUpsideDown UIInterfaceOrientationLandscapeLeft UIInterfaceOrientationLandscapeRight";
				INFOPLIST_KEY_UISupportedInterfaceOrientations_iPhone = "UIInterfaceOrientationPortrait UIInterfaceOrientationLandscapeLeft UIInterfaceOrientationLandscapeRight";
				LD_RUNPATH_SEARCH_PATHS = (
					"$(inherited)",
					"@executable_path/Frameworks",
				);
				MARKETING_VERSION = 1.0;
				PRODUCT_BUNDLE_IDENTIFIER = "Meister.Miro-TastyRoad";
				PRODUCT_NAME = "$(TARGET_NAME)";
				SWIFT_EMIT_LOC_STRINGS = YES;
				SWIFT_VERSION = 5.0;
				TARGETED_DEVICE_FAMILY = "1,2";
			};
			name = Debug;
		};
		CE0CDB38291EFDAE0046069E /* Release */ = {
			isa = XCBuildConfiguration;
			buildSettings = {
				ASSETCATALOG_COMPILER_APPICON_NAME = AppIcon;
				ASSETCATALOG_COMPILER_GLOBAL_ACCENT_COLOR_NAME = AccentColor;
				CODE_SIGN_STYLE = Automatic;
				CURRENT_PROJECT_VERSION = 1;
				DEVELOPMENT_ASSET_PATHS = "\"Miro_TastyRoad/Preview Content\"";
				DEVELOPMENT_TEAM = CZH2CMCGCZ;
				ENABLE_PREVIEWS = YES;
				GENERATE_INFOPLIST_FILE = YES;
				INFOPLIST_FILE = "Miro-TastyRoad-Info.plist";
				INFOPLIST_KEY_NSLocationWhenInUseUsageDescription = "Need to know where you are";
				INFOPLIST_KEY_UIApplicationSceneManifest_Generation = YES;
				INFOPLIST_KEY_UIApplicationSupportsIndirectInputEvents = YES;
				INFOPLIST_KEY_UILaunchScreen_Generation = YES;
				INFOPLIST_KEY_UISupportedInterfaceOrientations_iPad = "UIInterfaceOrientationPortrait UIInterfaceOrientationPortraitUpsideDown UIInterfaceOrientationLandscapeLeft UIInterfaceOrientationLandscapeRight";
				INFOPLIST_KEY_UISupportedInterfaceOrientations_iPhone = "UIInterfaceOrientationPortrait UIInterfaceOrientationLandscapeLeft UIInterfaceOrientationLandscapeRight";
				LD_RUNPATH_SEARCH_PATHS = (
					"$(inherited)",
					"@executable_path/Frameworks",
				);
				MARKETING_VERSION = 1.0;
				PRODUCT_BUNDLE_IDENTIFIER = "Meister.Miro-TastyRoad";
				PRODUCT_NAME = "$(TARGET_NAME)";
				SWIFT_EMIT_LOC_STRINGS = YES;
				SWIFT_VERSION = 5.0;
				TARGETED_DEVICE_FAMILY = "1,2";
			};
			name = Release;
		};
/* End XCBuildConfiguration section */

/* Begin XCConfigurationList section */
		CE0CDB23291EFDAD0046069E /* Build configuration list for PBXProject "Miro_TastyRoad" */ = {
			isa = XCConfigurationList;
			buildConfigurations = (
				CE0CDB34291EFDAE0046069E /* Debug */,
				CE0CDB35291EFDAE0046069E /* Release */,
			);
			defaultConfigurationIsVisible = 0;
			defaultConfigurationName = Release;
		};
		CE0CDB36291EFDAE0046069E /* Build configuration list for PBXNativeTarget "Miro_TastyRoad" */ = {
			isa = XCConfigurationList;
			buildConfigurations = (
				CE0CDB37291EFDAE0046069E /* Debug */,
				CE0CDB38291EFDAE0046069E /* Release */,
			);
			defaultConfigurationIsVisible = 0;
			defaultConfigurationName = Release;
		};
/* End XCConfigurationList section */
	};
	rootObject = CE0CDB20291EFDAD0046069E /* Project object */;
}
